# This file is generated by running "yarn install" inside your project.
# Manual changes might be lost - proceed with caution!

__metadata:
  version: 8
  cacheKey: 10c0

"@wildmetrics/prisma-timescale@workspace:*, @wildmetrics/prisma-timescale@workspace:packages/prisma/timescaledb":
  version: 0.0.0-use.local
  resolution: "@wildmetrics/prisma-timescale@workspace:packages/prisma/timescaledb"
  languageName: unknown
  linkType: soft

"node-yarn-workspaces-nested@workspace:.":
  version: 0.0.0-use.local
  resolution: "node-yarn-workspaces-nested@workspace:."
  dependencies:
    "@wildmetrics/prisma-timescale": "workspace:*"
  languageName: unknown
  linkType: soft
