# @generated - this file is auto-generated by `mise lock` https://mise.en.dev/dev-tools/mise-lock.html

[[tools.python]]
version = "3.15.0"
backend = "core:python"

[tools.python."platforms.linux-arm64"]
checksum = "sha256:00345e47b7f42d10ec60d28b2ccad6b1f33c40697f0ae57ee15d70896efad0b5"
url = "https://github.com/astral-sh/python-build-standalone/releases/download/20261009/cpython-3.15.0+20261009-aarch64-unknown-linux-gnu-install_only_stripped.tar.gz"
provenance = "github-attestations"

[tools.python."platforms.linux-arm64-musl"]
checksum = "sha256:93040cac939b6702a8e29e07b14d5eefa1a3b2589697baa46c805a159c716860"
url = "https://github.com/astral-sh/python-build-standalone/releases/download/20261009/cpython-3.15.0+20261009-aarch64-unknown-linux-musl-install_only_stripped.tar.gz"
provenance = "github-attestations"

[tools.python."platforms.linux-x64"]
checksum = "blake3:c2864b47f038fa84c83a94d908b3dfe3135976403a7a0c3cc25823b778ff240f"
url = "https://github.com/astral-sh/python-build-standalone/releases/download/20261009/cpython-3.15.0+20261009-x86_64-unknown-linux-gnu-install_only_stripped.tar.gz"
provenance = "github-attestations"

[tools.python."platforms.linux-x64-musl"]
checksum = "sha256:465ec05200a3668954fb88d1ed150298b13c277b5c64c95c5866dc2901e29e85"
url = "https://github.com/astral-sh/python-build-standalone/releases/download/20261009/cpython-3.15.0+20261009-x86_64-unknown-linux-musl-install_only_stripped.tar.gz"
provenance = "github-attestations"

[tools.python."platforms.macos-arm64"]
checksum = "sha256:473e6213a1c55da12e60642249a6201fe9dca841b4ad8c59149798846ed87c62"
url = "https://github.com/astral-sh/python-build-standalone/releases/download/20261009/cpython-3.15.0+20261009-aarch64-apple-darwin-install_only_stripped.tar.gz"
provenance = "github-attestations"

[tools.python."platforms.macos-x64"]
checksum = "sha256:76253e5619694b66e817a091bbdbf3db89bb0aff6d77a9ac7aae2ce96218ed0d"
url = "https://github.com/astral-sh/python-build-standalone/releases/download/20261009/cpython-3.15.0+20261009-x86_64-apple-darwin-install_only_stripped.tar.gz"
provenance = "github-attestations"

[tools.python."platforms.windows-x64"]
checksum = "sha256:0943854634fa0fc4faf2a37d900bc7e1a6f89afd7ac576b22d17f39142c63b55"
url = "https://github.com/astral-sh/python-build-standalone/releases/download/20261009/cpython-3.15.0+20261009-x86_64-pc-windows-msvc-install_only_stripped.tar.gz"
provenance = "github-attestations"

[[tools.uv]]
version = "0.13.0"
backend = "asdf:uv"
