{
  "lockfileVersion": 1,
  "configVersion": 1,
  "workspaces": {
    "": {
      "name": "node-bun-bunfig",
      "dependencies": {
        "@jsr/std__fmt": "0.224.0",
      },
    },
  },
  "packages": {
    "@jsr/std__fmt": ["@jsr/std__fmt@0.224.0", "https://npm.jsr.io/~/11/@jsr/std__fmt/0.224.0.tgz", {}, "sha512-lyrH5LesMB897QW0NIbZlGp72Ucopj2hMZW2wqB0NyZhuXfLH2sPBIUpCSf87kRKTGnx90JV905w4iTp0TD+Sg=="],
  }
}
