# This file is generated by running "yarn install" inside your project.
# Manual changes might be lost - proceed with caution!

__metadata:
  version: 8
  cacheKey: 10c0

"abbrev@npm:^3.0.0":
  version: 3.0.0
  resolution: "abbrev@npm:3.0.0"
  checksum: 10c0/0f18f7c1a57e6a897f69d1c979074f7950426e31baf34c85a70fb8f9b6c1c7c8d1a3993e73ce0d6523e99e4d4d846e9eac24e7f6b0e3d1e8f4e2b3d5a6c7e8f9
  languageName: node
  linkType: hard

"ansi-regex@npm:^3.0.0":
  version: 3.0.1
  resolution: "ansi-regex@npm:3.0.1"
  checksum: 10c0/d108a7498b8568caf4a46eea4f1784ab4e0dfb2e3f3938c697dee21443d622d765c958f2b7e2b9f6b9e55e2e2af0584eaa9915d51782b89a841c28e744e7a167
  languageName: node
  linkType: hard

"cowsay@npm:^1.6.0":
  version: 1.6.0
  resolution: "cowsay@npm:1.6.0"
  dependencies:
    string-width: "npm:~2.1.1"
    strip-final-newline: "npm:^2.0.0"
    yn: "npm:^2.0.0"
  bin:
    cowsay: ./cli.js
    cowthink: ./cli.js
  checksum: 10c0/4e3e4e5e6e7e8e9e0e1e2e3e4e5e6e7e8e9e0e1e2e3e4e5e6e7e8e9e0e1e2e3e4e5e6e7e8e9e0e1e2e3e4e5e6e7e8e9e0e1e2e3e4e5e6e7e8e9e0e1e2e3
  languageName: node
  linkType: hard

"is-fullwidth-code-point@npm:^2.0.0":
  version: 2.0.0
  resolution: "is-fullwidth-code-point@npm:2.0.0"
  checksum: 10c0/5e5e5e5e5e5e5e5e5e5e5e5e5e5e5e5e5e5e5e5e5e5e5e5e5e5e5e5e5e5e5e5e5e5e5e5e5e5e5e5e5e5e5e5e5e5e5e5e5e5e5e5e5e5e5e5e5e5e5e5e5e5e5e5e5e
  languageName: node
  linkType: hard

"pkg-a@workspace:*, pkg-a@workspace:packages/pkg-a":
  version: 0.0.0-use.local
  resolution: "pkg-a@workspace:packages/pkg-a"
  dependencies:
    abbrev: "npm:^3.0.0"
  languageName: unknown
  linkType: soft

"pkg-b@workspace:*, pkg-b@workspace:packages/pkg-b":
  version: 0.0.0-use.local
  resolution: "pkg-b@workspace:packages/pkg-b"
  languageName: unknown
  linkType: soft

"string-width@npm:~2.1.1":
  version: 2.1.1
  resolution: "string-width@npm:2.1.1"
  dependencies:
    is-fullwidth-code-point: "npm:^2.0.0"
    strip-ansi: "npm:^4.0.0"
  checksum: 10c0/6e6e6e6e6e6e6e6e6e6e6e6e6e6e6e6e6e6e6e6e6e6e6e6e6e6e6e6e6e6e6e6e6e6e6e6e6e6e6e6e6e6e6e6e6e6e6e6e6e6e6e6e6e6e6e6e6e6e6e6e6e6e6e6e6e
  languageName: node
  linkType: hard

"strip-ansi@npm:^4.0.0":
  version: 4.0.0
  resolution: "strip-ansi@npm:4.0.0"
  dependencies:
    ansi-regex: "npm:^3.0.0"
  checksum: 10c0/7e7e7e7e7e7e7e7e7e7e7e7e7e7e7e7e7e7e7e7e7e7e7e7e7e7e7e7e7e7e7e7e7e7e7e7e7e7e7e7e7e7e7e7e7e7e7e7e7e7e7e7e7e7e7e7e7e7e7e7e7e7e7e7e7e
  languageName: node
  linkType: hard

"strip-final-newline@npm:^2.0.0":
  version: 2.0.0
  resolution: "strip-final-newline@npm:2.0.0"
  checksum: 10c0/8e8e8e8e8e8e8e8e8e8e8e8e8e8e8e8e8e8e8e8e8e8e8e8e8e8e8e8e8e8e8e8e8e8e8e8e8e8e8e8e8e8e8e8e8e8e8e8e8e8e8e8e8e8e8e8e8e8e8e8e8e8e8e8e8e
  languageName: node
  linkType: hard

"yarn-workspaces@workspace:.":
  version: 0.0.0-use.local
  resolution: "yarn-workspaces@workspace:."
  dependencies:
    cowsay: "npm:^1.6.0"
    pkg-a: "workspace:*"
    pkg-b: "workspace:*"
  languageName: unknown
  linkType: soft

"yn@npm:^2.0.0":
  version: 2.0.0
  resolution: "yn@npm:2.0.0"
  checksum: 10c0/9e9e9e9e9e9e9e9e9e9e9e9e9e9e9e9e9e9e9e9e9e9e9e9e9e9e9e9e9e9e9e9e9e9e9e9e9e9e9e9e9e9e9e9e9e9e9e9e9e9e9e9e9e9e9e9e9e9e9e9e9e9e9e9e9e
  languageName: node
  linkType: hard
